
Microsoft Visual Studio Solution File, Format Version 12.00
# Visual Studio Version 17
VisualStudioVersion = 17.2.32408.312
MinimumVisualStudioVersion = 10.0.40219.1
Project("{FAE04EC0-301F-11D3-BF4B-00C04F79EFBC}") = "DFE.Core", "DFE.Core\DFE.Core.csproj", "{69DEE45C-7493-4AA9-A559-0FB36C7E0D3A}"
EndProject
Global
	GlobalSection(SolutionConfigurationPlatforms) = preSolution
		Debug|Any CPU = Debug|Any CPU
		Release|Any CPU = Release|Any CPU
	EndGlobalSection
	GlobalSection(ProjectConfigurationPlatforms) = postSolution
		{69DEE45C-7493-4AA9-A559-0FB36C7E0D3A}.Debug|Any CPU.ActiveCfg = Debug|Any CPU
		{69DEE45C-7493-4AA9-A559-0FB36C7E0D3A}.Debug|Any CPU.Build.0 = Debug|Any CPU
		{69DEE45C-7493-4AA9-A559-0FB36C7E0D3A}.Release|Any CPU.ActiveCfg = Release|Any CPU
		{69DEE45C-7493-4AA9-A559-0FB36C7E0D3A}.Release|Any CPU.Build.0 = Release|Any CPU
	EndGlobalSection
	GlobalSection(SolutionProperties) = preSolution
		HideSolutionNode = FALSE
	EndGlobalSection
	GlobalSection(ExtensibilityGlobals) = postSolution
		SolutionGuid = {80D68CD0-732B-4826-959E-42D0A2D0C1DC}
	EndGlobalSection
EndGlobal
